
Microsoft Visual Studio Solution File, Format Version 12.00
# Visual Studio Version 16
VisualStudioVersion = 16.0.29519.87
MinimumVisualStudioVersion = 10.0.40219.1
Project("{FAE04EC0-301F-11D3-BF4B-00C04F79EFBC}") = "HelloWorld.Android", "HelloWorld\HelloWorld.Android\HelloWorld.Android.csproj", "{3A3B07F7-5614-4C9A-97C4-85D63234D7BF}"
EndProject
Project("{FAE04EC0-301F-11D3-BF4B-00C04F79EFBC}") = "HelloWorld.iOS", "HelloWorld\HelloWorld.iOS\HelloWorld.iOS.csproj", "{C111ADA6-BC29-4501-8F47-CEEED6A49E5B}"
EndProject
Project("{FAE04EC0-301F-11D3-BF4B-00C04F79EFBC}") = "HelloWorld", "HelloWorld\HelloWorld\HelloWorld.csproj", "{8AC1786A-9035-4E21-A52F-D2F105DAE0AE}"
EndProject
Global
	GlobalSection(SolutionConfigurationPlatforms) = preSolution
		Debug|Any CPU = Debug|Any CPU
		Debug|iPhone = Debug|iPhone
		Debug|iPhoneSimulator = Debug|iPhoneSimulator
		Release|Any CPU = Release|Any CPU
		Release|iPhone = Release|iPhone
		Release|iPhoneSimulator = Release|iPhoneSimulator
	EndGlobalSection
	GlobalSection(ProjectConfigurationPlatforms) = postSolution
		{3A3B07F7-5614-4C9A-97C4-85D63234D7BF}.Debug|Any CPU.ActiveCfg = Debug|Any CPU
		{3A3B07F7-5614-4C9A-97C4-85D63234D7BF}.Debug|Any CPU.Build.0 = Debug|Any CPU
		{3A3B07F7-5614-4C9A-97C4-85D63234D7BF}.Debug|Any CPU.Deploy.0 = Debug|Any CPU
		{3A3B07F7-5614-4C9A-97C4-85D63234D7BF}.Debug|iPhone.ActiveCfg = Debug|Any CPU
		{3A3B07F7-5614-4C9A-97C4-85D63234D7BF}.Debug|iPhone.Build.0 = Debug|Any CPU
		{3A3B07F7-5614-4C9A-97C4-85D63234D7BF}.Debug|iPhone.Deploy.0 = Debug|Any CPU
		{3A3B07F7-5614-4C9A-97C4-85D63234D7BF}.Debug|iPhoneSimulator.ActiveCfg = Debug|Any CPU
		{3A3B07F7-5614-4C9A-97C4-85D63234D7BF}.Debug|iPhoneSimulator.Build.0 = Debug|Any CPU
		{3A3B07F7-5614-4C9A-97C4-85D63234D7BF}.Debug|iPhoneSimulator.Deploy.0 = Debug|Any CPU
		{3A3B07F7-5614-4C9A-97C4-85D63234D7BF}.Release|Any CPU.ActiveCfg = Release|Any CPU
		{3A3B07F7-5614-4C9A-97C4-85D63234D7BF}.Release|Any CPU.Build.0 = Release|Any CPU
		{3A3B07F7-5614-4C9A-97C4-85D63234D7BF}.Release|Any CPU.Deploy.0 = Release|Any CPU
		{3A3B07F7-5614-4C9A-97C4-85D63234D7BF}.Release|iPhone.ActiveCfg = Release|Any CPU
		{3A3B07F7-5614-4C9A-97C4-85D63234D7BF}.Release|iPhone.Build.0 = Release|Any CPU
		{3A3B07F7-5614-4C9A-97C4-85D63234D7BF}.Release|iPhone.Deploy.0 = Release|Any CPU
		{3A3B07F7-5614-4C9A-97C4-85D63234D7BF}.Release|iPhoneSimulator.ActiveCfg = Release|Any CPU
		{3A3B07F7-5614-4C9A-97C4-85D63234D7BF}.Release|iPhoneSimulator.Build.0 = Release|Any CPU
		{3A3B07F7-5614-4C9A-97C4-85D63234D7BF}.Release|iPhoneSimulator.Deploy.0 = Release|Any CPU
		{C111ADA6-BC29-4501-8F47-CEEED6A49E5B}.Debug|Any CPU.ActiveCfg = Debug|iPhoneSimulator
		{C111ADA6-BC29-4501-8F47-CEEED6A49E5B}.Debug|Any CPU.Build.0 = Debug|iPhoneSimulator
		{C111ADA6-BC29-4501-8F47-CEEED6A49E5B}.Debug|Any CPU.Deploy.0 = Debug|iPhoneSimulator
		{C111ADA6-BC29-4501-8F47-CEEED6A49E5B}.Debug|iPhone.ActiveCfg = Debug|iPhone
		{C111ADA6-BC29-4501-8F47-CEEED6A49E5B}.Debug|iPhone.Build.0 = Debug|iPhone
		{C111ADA6-BC29-4501-8F47-CEEED6A49E5B}.Debug|iPhone.Deploy.0 = Debug|iPhone
		{C111ADA6-BC29-4501-8F47-CEEED6A49E5B}.Debug|iPhoneSimulator.ActiveCfg = Debug|iPhoneSimulator
		{C111ADA6-BC29-4501-8F47-CEEED6A49E5B}.Debug|iPhoneSimulator.Build.0 = Debug|iPhoneSimulator
		{C111ADA6-BC29-4501-8F47-CEEED6A49E5B}.Debug|iPhoneSimulator.Deploy.0 = Debug|iPhoneSimulator
		{C111ADA6-BC29-4501-8F47-CEEED6A49E5B}.Release|Any CPU.ActiveCfg = Release|iPhone
		{C111ADA6-BC29-4501-8F47-CEEED6A49E5B}.Release|Any CPU.Build.0 = Release|iPhone
		{C111ADA6-BC29-4501-8F47-CEEED6A49E5B}.Release|Any CPU.Deploy.0 = Release|iPhone
		{C111ADA6-BC29-4501-8F47-CEEED6A49E5B}.Release|iPhone.ActiveCfg = Release|iPhone
		{C111ADA6-BC29-4501-8F47-CEEED6A49E5B}.Release|iPhone.Build.0 = Release|iPhone
		{C111ADA6-BC29-4501-8F47-CEEED6A49E5B}.Release|iPhone.Deploy.0 = Release|iPhone
		{C111ADA6-BC29-4501-8F47-CEEED6A49E5B}.Release|iPhoneSimulator.ActiveCfg = Release|iPhoneSimulator
		{C111ADA6-BC29-4501-8F47-CEEED6A49E5B}.Release|iPhoneSimulator.Build.0 = Release|iPhoneSimulator
		{C111ADA6-BC29-4501-8F47-CEEED6A49E5B}.Release|iPhoneSimulator.Deploy.0 = Release|iPhoneSimulator
		{8AC1786A-9035-4E21-A52F-D2F105DAE0AE}.Debug|Any CPU.ActiveCfg = Debug|Any CPU
		{8AC1786A-9035-4E21-A52F-D2F105DAE0AE}.Debug|Any CPU.Build.0 = Debug|Any CPU
		{8AC1786A-9035-4E21-A52F-D2F105DAE0AE}.Debug|Any CPU.Deploy.0 = Debug|Any CPU
		{8AC1786A-9035-4E21-A52F-D2F105DAE0AE}.Debug|iPhone.ActiveCfg = Debug|Any CPU
		{8AC1786A-9035-4E21-A52F-D2F105DAE0AE}.Debug|iPhone.Build.0 = Debug|Any CPU
		{8AC1786A-9035-4E21-A52F-D2F105DAE0AE}.Debug|iPhone.Deploy.0 = Debug|Any CPU
		{8AC1786A-9035-4E21-A52F-D2F105DAE0AE}.Debug|iPhoneSimulator.ActiveCfg = Debug|Any CPU
		{8AC1786A-9035-4E21-A52F-D2F105DAE0AE}.Debug|iPhoneSimulator.Build.0 = Debug|Any CPU
		{8AC1786A-9035-4E21-A52F-D2F105DAE0AE}.Debug|iPhoneSimulator.Deploy.0 = Debug|Any CPU
		{8AC1786A-9035-4E21-A52F-D2F105DAE0AE}.Release|Any CPU.ActiveCfg = Release|Any CPU
		{8AC1786A-9035-4E21-A52F-D2F105DAE0AE}.Release|Any CPU.Build.0 = Release|Any CPU
		{8AC1786A-9035-4E21-A52F-D2F105DAE0AE}.Release|Any CPU.Deploy.0 = Release|Any CPU
		{8AC1786A-9035-4E21-A52F-D2F105DAE0AE}.Release|iPhone.ActiveCfg = Release|Any CPU
		{8AC1786A-9035-4E21-A52F-D2F105DAE0AE}.Release|iPhone.Build.0 = Release|Any CPU
		{8AC1786A-9035-4E21-A52F-D2F105DAE0AE}.Release|iPhone.Deploy.0 = Release|Any CPU
		{8AC1786A-9035-4E21-A52F-D2F105DAE0AE}.Release|iPhoneSimulator.ActiveCfg = Release|Any CPU
		{8AC1786A-9035-4E21-A52F-D2F105DAE0AE}.Release|iPhoneSimulator.Build.0 = Release|Any CPU
		{8AC1786A-9035-4E21-A52F-D2F105DAE0AE}.Release|iPhoneSimulator.Deploy.0 = Release|Any CPU
	EndGlobalSection
	GlobalSection(SolutionProperties) = preSolution
		HideSolutionNode = FALSE
	EndGlobalSection
	GlobalSection(ExtensibilityGlobals) = postSolution
		SolutionGuid = {E9520183-5507-4308-8F7D-79C51081585E}
	EndGlobalSection
EndGlobal
